
Microsoft Visual Studio Solution File, Format Version 12.00
# Visual Studio Version 17
VisualStudioVersion = 17.9.34728.123
MinimumVisualStudioVersion = 10.0.40219.1
Project("{FAE04EC0-301F-11D3-BF4B-00C04F79EFBC}") = "SeriesCalculator", "SeriesCalculator\SeriesCalculator.csproj", "{CADE26D4-2AAE-477A-A36D-0329860381BC}"
EndProject
Global
	GlobalSection(SolutionConfigurationPlatforms) = preSolution
		Debug|Any CPU = Debug|Any CPU
		Release|Any CPU = Release|Any CPU
	EndGlobalSection
	GlobalSection(ProjectConfigurationPlatforms) = postSolution
		{CADE26D4-2AAE-477A-A36D-0329860381BC}.Debug|Any CPU.ActiveCfg = Debug|Any CPU
		{CADE26D4-2AAE-477A-A36D-0329860381BC}.Debug|Any CPU.Build.0 = Debug|Any CPU
		{CADE26D4-2AAE-477A-A36D-0329860381BC}.Release|Any CPU.ActiveCfg = Release|Any CPU
		{CADE26D4-2AAE-477A-A36D-0329860381BC}.Release|Any CPU.Build.0 = Release|Any CPU
	EndGlobalSection
	GlobalSection(SolutionProperties) = preSolution
		HideSolutionNode = FALSE
	EndGlobalSection
	GlobalSection(ExtensibilityGlobals) = postSolution
		SolutionGuid = {90B20E36-CCCD-4BA9-AD12-FFC2FD23E400}
	EndGlobalSection
EndGlobal
